
Microsoft Visual Studio Solution File, Format Version 12.00
# Visual Studio 15
Project("{FAE04EC0-301F-11D3-BF4B-00C04F79EFBC}") = "Assembly-CSharp", "Assembly-CSharp.csproj", "{521FDADC-61DA-B885-3C86-EE8E0281D061}"
EndProject
Project("{FAE04EC0-301F-11D3-BF4B-00C04F79EFBC}") = "Assembly-CSharp-Editor", "Assembly-CSharp-Editor.csproj", "{ADC467C9-4BBC-AADC-4428-42A90309C31B}"
EndProject
Global
	GlobalSection(SolutionConfigurationPlatforms) = preSolution
		Debug|Any CPU = Debug|Any CPU
		Release|Any CPU = Release|Any CPU
	EndGlobalSection
	GlobalSection(ProjectConfigurationPlatforms) = postSolution
		{521FDADC-61DA-B885-3C86-EE8E0281D061}.Debug|Any CPU.ActiveCfg = Debug|Any CPU
		{521FDADC-61DA-B885-3C86-EE8E0281D061}.Debug|Any CPU.Build.0 = Debug|Any CPU
		{521FDADC-61DA-B885-3C86-EE8E0281D061}.Release|Any CPU.ActiveCfg = Release|Any CPU
		{521FDADC-61DA-B885-3C86-EE8E0281D061}.Release|Any CPU.Build.0 = Release|Any CPU
		{ADC467C9-4BBC-AADC-4428-42A90309C31B}.Debug|Any CPU.ActiveCfg = Debug|Any CPU
		{ADC467C9-4BBC-AADC-4428-42A90309C31B}.Debug|Any CPU.Build.0 = Debug|Any CPU
		{ADC467C9-4BBC-AADC-4428-42A90309C31B}.Release|Any CPU.ActiveCfg = Release|Any CPU
		{ADC467C9-4BBC-AADC-4428-42A90309C31B}.Release|Any CPU.Build.0 = Release|Any CPU
	EndGlobalSection
	GlobalSection(SolutionProperties) = preSolution
		HideSolutionNode = FALSE
	EndGlobalSection
EndGlobal
